
Microsoft Visual Studio Solution File, Format Version 12.00
# Visual Studio Version 17
VisualStudioVersion = 17.5.33530.505
MinimumVisualStudioVersion = 10.0.40219.1
Project("{9A19103F-16F7-4668-BE54-9A1E7A4F7556}") = "AndreTurismoApp", "AndreTurismoApp\AndreTurismoApp.csproj", "{BB8B92C3-4C0A-4E77-9AD6-40E5A6C132B1}"
EndProject
Project("{9A19103F-16F7-4668-BE54-9A1E7A4F7556}") = "AndreTurismoApp.Models", "AndreTurismoApp.Models\AndreTurismoApp.Models.csproj", "{005B2530-A1CB-4A10-AF35-D6A2E237F129}"
EndProject
Project("{9A19103F-16F7-4668-BE54-9A1E7A4F7556}") = "AndreTurismoApp.Services", "AndreTurismoApp.Services\AndreTurismoApp.Services.csproj", "{71667997-5C63-49FC-98F3-EB96F9726DE3}"
EndProject
Project("{9A19103F-16F7-4668-BE54-9A1E7A4F7556}") = "AndreTurismoApp.Repositories", "AndreTurismoApp.Repositories\AndreTurismoApp.Repositories.csproj", "{53BBE072-25FB-49DE-82CF-13B99040A032}"
EndProject
Project("{9A19103F-16F7-4668-BE54-9A1E7A4F7556}") = "AndreTurismoApp.AddressService", "AndreTurismoApp.AddressService\AndreTurismoApp.AddressService.csproj", "{E33672A4-CFF2-4795-A6E3-794ABF7FB1D1}"
EndProject
Project("{9A19103F-16F7-4668-BE54-9A1E7A4F7556}") = "AndreTurismoApp.CityService", "AndreTurismoApp.CityService\AndreTurismoApp.CityService.csproj", "{627496C9-8B21-4D96-9435-442C078DEC96}"
EndProject
Project("{9A19103F-16F7-4668-BE54-9A1E7A4F7556}") = "AndreTurismoApp.HotelService", "AndreTurismoApp.HotelService\AndreTurismoApp.HotelService.csproj", "{72186031-2E61-4E7B-9BEF-9D8445025693}"
EndProject
Project("{9A19103F-16F7-4668-BE54-9A1E7A4F7556}") = "AndreTurismoApp.ClientService", "AndreTurismoApp.ClientService\AndreTurismoApp.ClientService.csproj", "{22CB3496-D845-4003-8E12-BC6C67638555}"
EndProject
Project("{9A19103F-16F7-4668-BE54-9A1E7A4F7556}") = "AndreTurismoApp.TicketService", "AndreTurismoApp.TicketService\AndreTurismoApp.TicketService.csproj", "{997B2E04-1B23-43F6-9D62-6F26CFD40E7A}"
EndProject
Project("{9A19103F-16F7-4668-BE54-9A1E7A4F7556}") = "AndreTurismoApp.PackageService", "AndreTurismoApp.PackageService\AndreTurismoApp.PackageService.csproj", "{5A34AAF8-6D41-4CF1-94C2-FF14407D947C}"
EndProject
Project("{9A19103F-16F7-4668-BE54-9A1E7A4F7556}") = "AndreTurismoApp.Test", "AndreTurismoApp.Test\AndreTurismoApp.Test.csproj", "{E316CDB2-D6E1-4352-8B6E-E8DDF9F42BDA}"
EndProject
Project("{9A19103F-16F7-4668-BE54-9A1E7A4F7556}") = "AndreTurismoApp.Producer", "ProjRabbitMQ.Producer\AndreTurismoApp.Producer.csproj", "{6236F95D-E987-45C6-ADB1-256ED85BB954}"
EndProject
Project("{9A19103F-16F7-4668-BE54-9A1E7A4F7556}") = "AndreTurismoApp.Consumer", "ProjRabbitMQ.Consumer\AndreTurismoApp.Consumer.csproj", "{15C7EBB7-A535-4322-9D2B-E398EEB6F198}"
EndProject
Global
	GlobalSection(SolutionConfigurationPlatforms) = preSolution
		Debug|Any CPU = Debug|Any CPU
		Release|Any CPU = Release|Any CPU
	EndGlobalSection
	GlobalSection(ProjectConfigurationPlatforms) = postSolution
		{BB8B92C3-4C0A-4E77-9AD6-40E5A6C132B1}.Debug|Any CPU.ActiveCfg = Debug|Any CPU
		{BB8B92C3-4C0A-4E77-9AD6-40E5A6C132B1}.Debug|Any CPU.Build.0 = Debug|Any CPU
		{BB8B92C3-4C0A-4E77-9AD6-40E5A6C132B1}.Release|Any CPU.ActiveCfg = Release|Any CPU
		{BB8B92C3-4C0A-4E77-9AD6-40E5A6C132B1}.Release|Any CPU.Build.0 = Release|Any CPU
		{005B2530-A1CB-4A10-AF35-D6A2E237F129}.Debug|Any CPU.ActiveCfg = Debug|Any CPU
		{005B2530-A1CB-4A10-AF35-D6A2E237F129}.Debug|Any CPU.Build.0 = Debug|Any CPU
		{005B2530-A1CB-4A10-AF35-D6A2E237F129}.Release|Any CPU.ActiveCfg = Release|Any CPU
		{005B2530-A1CB-4A10-AF35-D6A2E237F129}.Release|Any CPU.Build.0 = Release|Any CPU
		{71667997-5C63-49FC-98F3-EB96F9726DE3}.Debug|Any CPU.ActiveCfg = Debug|Any CPU
		{71667997-5C63-49FC-98F3-EB96F9726DE3}.Debug|Any CPU.Build.0 = Debug|Any CPU
		{71667997-5C63-49FC-98F3-EB96F9726DE3}.Release|Any CPU.ActiveCfg = Release|Any CPU
		{71667997-5C63-49FC-98F3-EB96F9726DE3}.Release|Any CPU.Build.0 = Release|Any CPU
		{53BBE072-25FB-49DE-82CF-13B99040A032}.Debug|Any CPU.ActiveCfg = Debug|Any CPU
		{53BBE072-25FB-49DE-82CF-13B99040A032}.Debug|Any CPU.Build.0 = Debug|Any CPU
		{53BBE072-25FB-49DE-82CF-13B99040A032}.Release|Any CPU.ActiveCfg = Release|Any CPU
		{53BBE072-25FB-49DE-82CF-13B99040A032}.Release|Any CPU.Build.0 = Release|Any CPU
		{E33672A4-CFF2-4795-A6E3-794ABF7FB1D1}.Debug|Any CPU.ActiveCfg = Debug|Any CPU
		{E33672A4-CFF2-4795-A6E3-794ABF7FB1D1}.Debug|Any CPU.Build.0 = Debug|Any CPU
		{E33672A4-CFF2-4795-A6E3-794ABF7FB1D1}.Release|Any CPU.ActiveCfg = Release|Any CPU
		{E33672A4-CFF2-4795-A6E3-794ABF7FB1D1}.Release|Any CPU.Build.0 = Release|Any CPU
		{627496C9-8B21-4D96-9435-442C078DEC96}.Debug|Any CPU.ActiveCfg = Debug|Any CPU
		{627496C9-8B21-4D96-9435-442C078DEC96}.Debug|Any CPU.Build.0 = Debug|Any CPU
		{627496C9-8B21-4D96-9435-442C078DEC96}.Release|Any CPU.ActiveCfg = Release|Any CPU
		{627496C9-8B21-4D96-9435-442C078DEC96}.Release|Any CPU.Build.0 = Release|Any CPU
		{72186031-2E61-4E7B-9BEF-9D8445025693}.Debug|Any CPU.ActiveCfg = Debug|Any CPU
		{72186031-2E61-4E7B-9BEF-9D8445025693}.Debug|Any CPU.Build.0 = Debug|Any CPU
		{72186031-2E61-4E7B-9BEF-9D8445025693}.Release|Any CPU.ActiveCfg = Release|Any CPU
		{72186031-2E61-4E7B-9BEF-9D8445025693}.Release|Any CPU.Build.0 = Release|Any CPU
		{22CB3496-D845-4003-8E12-BC6C67638555}.Debug|Any CPU.ActiveCfg = Debug|Any CPU
		{22CB3496-D845-4003-8E12-BC6C67638555}.Debug|Any CPU.Build.0 = Debug|Any CPU
		{22CB3496-D845-4003-8E12-BC6C67638555}.Release|Any CPU.ActiveCfg = Release|Any CPU
		{22CB3496-D845-4003-8E12-BC6C67638555}.Release|Any CPU.Build.0 = Release|Any CPU
		{997B2E04-1B23-43F6-9D62-6F26CFD40E7A}.Debug|Any CPU.ActiveCfg = Debug|Any CPU
		{997B2E04-1B23-43F6-9D62-6F26CFD40E7A}.Debug|Any CPU.Build.0 = Debug|Any CPU
		{997B2E04-1B23-43F6-9D62-6F26CFD40E7A}.Release|Any CPU.ActiveCfg = Release|Any CPU
		{997B2E04-1B23-43F6-9D62-6F26CFD40E7A}.Release|Any CPU.Build.0 = Release|Any CPU
		{5A34AAF8-6D41-4CF1-94C2-FF14407D947C}.Debug|Any CPU.ActiveCfg = Debug|Any CPU
		{5A34AAF8-6D41-4CF1-94C2-FF14407D947C}.Debug|Any CPU.Build.0 = Debug|Any CPU
		{5A34AAF8-6D41-4CF1-94C2-FF14407D947C}.Release|Any CPU.ActiveCfg = Release|Any CPU
		{5A34AAF8-6D41-4CF1-94C2-FF14407D947C}.Release|Any CPU.Build.0 = Release|Any CPU
		{E316CDB2-D6E1-4352-8B6E-E8DDF9F42BDA}.Debug|Any CPU.ActiveCfg = Debug|Any CPU
		{E316CDB2-D6E1-4352-8B6E-E8DDF9F42BDA}.Debug|Any CPU.Build.0 = Debug|Any CPU
		{E316CDB2-D6E1-4352-8B6E-E8DDF9F42BDA}.Release|Any CPU.ActiveCfg = Release|Any CPU
		{E316CDB2-D6E1-4352-8B6E-E8DDF9F42BDA}.Release|Any CPU.Build.0 = Release|Any CPU
		{6236F95D-E987-45C6-ADB1-256ED85BB954}.Debug|Any CPU.ActiveCfg = Debug|Any CPU
		{6236F95D-E987-45C6-ADB1-256ED85BB954}.Debug|Any CPU.Build.0 = Debug|Any CPU
		{6236F95D-E987-45C6-ADB1-256ED85BB954}.Release|Any CPU.ActiveCfg = Release|Any CPU
		{6236F95D-E987-45C6-ADB1-256ED85BB954}.Release|Any CPU.Build.0 = Release|Any CPU
		{15C7EBB7-A535-4322-9D2B-E398EEB6F198}.Debug|Any CPU.ActiveCfg = Debug|Any CPU
		{15C7EBB7-A535-4322-9D2B-E398EEB6F198}.Debug|Any CPU.Build.0 = Debug|Any CPU
		{15C7EBB7-A535-4322-9D2B-E398EEB6F198}.Release|Any CPU.ActiveCfg = Release|Any CPU
		{15C7EBB7-A535-4322-9D2B-E398EEB6F198}.Release|Any CPU.Build.0 = Release|Any CPU
	EndGlobalSection
	GlobalSection(SolutionProperties) = preSolution
		HideSolutionNode = FALSE
	EndGlobalSection
	GlobalSection(ExtensibilityGlobals) = postSolution
		SolutionGuid = {707AFEDA-1B29-4C41-AFC5-480618A455F0}
	EndGlobalSection
EndGlobal
